
Microsoft Visual Studio Solution File, Format Version 12.00
# Visual Studio Version 17
VisualStudioVersion = 17.9.34407.89
MinimumVisualStudioVersion = 10.0.40219.1
Project("{FAE04EC0-301F-11D3-BF4B-00C04F79EFBC}") = "DemoCustomizedFormValidationInBlazorWebApp", "DemoCustomizedFormValidationInBlazorWebApp\DemoCustomizedFormValidationInBlazorWebApp.csproj", "{C7234CF7-1039-4699-9597-19FC061204CF}"
EndProject
Global
	GlobalSection(SolutionConfigurationPlatforms) = preSolution
		Debug|Any CPU = Debug|Any CPU
		Release|Any CPU = Release|Any CPU
	EndGlobalSection
	GlobalSection(ProjectConfigurationPlatforms) = postSolution
		{C7234CF7-1039-4699-9597-19FC061204CF}.Debug|Any CPU.ActiveCfg = Debug|Any CPU
		{C7234CF7-1039-4699-9597-19FC061204CF}.Debug|Any CPU.Build.0 = Debug|Any CPU
		{C7234CF7-1039-4699-9597-19FC061204CF}.Release|Any CPU.ActiveCfg = Release|Any CPU
		{C7234CF7-1039-4699-9597-19FC061204CF}.Release|Any CPU.Build.0 = Release|Any CPU
	EndGlobalSection
	GlobalSection(SolutionProperties) = preSolution
		HideSolutionNode = FALSE
	EndGlobalSection
	GlobalSection(ExtensibilityGlobals) = postSolution
		SolutionGuid = {792BA173-830B-4E78-AA63-678B8E847F5F}
	EndGlobalSection
EndGlobal
